{
    "version": 3,
    "terraform_version": "0.10.1",
    "serial": 33,
    "lineage": "5c897778-af21-4b64-8bbd-dbf724aac994",
    "modules": [
        {
            "path": [
                "root"
            ],
            "outputs": {
                "network_name": {
                    "sensitive": false,
                    "type": "string",
                    "value": "flevia-vof-network"
                },
                "private_subnetwork_name": {
                    "sensitive": false,
                    "type": "string",
                    "value": "flevia-vof-private-subnetwork"
                },
                "vof-db-password": {
                    "sensitive": false,
                    "type": "string",
                    "value": "8d6776b4bd8e67395e3f8fe892c1d3be"
                },
                "vof-db-username": {
                    "sensitive": false,
                    "type": "string",
                    "value": "dc3161dba68de6bfb3f40be34e2ca396"
                }
            },
            "resources": {
                "data.terraform_remote_state.vof": {
                    "type": "terraform_remote_state",
                    "depends_on": [],
                    "primary": {
                        "id": "2017-10-10 08:46:22.836787181 +0000 UTC",
                        "attributes": {
                            "backend": "gcs",
                            "config.%": "4",
                            "config.bucket": "vof-flevian",
                            "config.credentials": "{\n  \"type\": \"service_account\",\n  \"project_id\": \"vof-testbed-2\",\n  \"private_key_id\": \"e7e8653e18c575db16db56d21c06f1ba83f30df1\",\n  \"private_key\": \"-----BEGIN PRIVATE KEY-----\\nMIIEvQIBADANBgkqhkiG9w0BAQEFAASCBKcwggSjAgEAAoIBAQDdo7UBvhYD41ea\\nYQ7IbfNN8XnVAE6phdoM7VFVAAEHcDkU7Ekafp3oNCZaKulgdDnM+VPTKhqnBGpQ\\ngxcJZPGZu6MI5FgXLwRw+BrKHLJmKaUxgqAeJXFY/1PctYO90IazBLtCG+/ZXMhu\\n7c5LGAjx6j0pW9EcUqEvZnthp5zq9f6z5Zp5ug6GSDwftzmMYnBjiSMBnfPwSDNk\\nUr8uPmYnjPVVWSEn1kw1vsRIQvNc07WCe1UgKJZ8jfsWZDG3su2RTrYZkE6RDc7g\\nG8QP9cksXB0z6PWmOyZ2Yg6z6kWcM8jygms6nh76NWpLim8LqxViUxreV10Aabbu\\nFCyrlxyLAgMBAAECggEAH+2yaKLahwrcFtg+ie8U6riLpXya2F74733MhqMugsTO\\n5E25pkBxPP8uOzUNU6DKptWQFs5s8nx3WEvaKLdK+quGLATBD+3tBN0o9s61gHQl\\nYQGBUXZxYrG9ggEADnsYvHdFBpwBrF1qXliRrE21FCx7TRb2A89/etWXlpTPzSUI\\nE9e7OKJmV/By4dexrQKAReEVmMFZShGaSfpItphnUPhVRzDrgKgkeWZsLRnS1Wby\\n21dMbAIZJjCRFfUa4UMLvRozMzh8gNk01qMD8Nvg2SG4eqAFu5YzfzA8qct/PVoD\\niyVNXFfzZRcFtXXjKzCxGEibfYgKu9SRMeErTVzeAQKBgQD/r9IPgF80ScmBpu3H\\nXPfOu0yHvHxcNPjzMDTerhut30nFxuLagEG8kDxYFT07brb/lZbk4G3gBOu8D/fZ\\nQI8PlvxPjoNaEyD6Zxa4hmAUtCC7aOcjRHqcVp8ehxfGS0gJlufl2CTsAeQepepR\\nRK/ku+CBJB5hym25WXQWAbqDAQKBgQDd6TW0/lq+n4346VsgAV6AyFUGYbZ1Ax10\\n37CU57AFxN5xpokTVf+jQ30elGwVERH+Llh5KWYiaEtAVuy+P4AkXcjAsRNOwE/5\\nRekSswy5Wag1SWFQWF8xELgtX+B89gyPd5BrlH5bsl/qlic+h/DZ6FHnrneOq371\\ng9uhPOD7iwKBgDQDfGQS5Uspx4hMgQqRawfvKj5ipZnMXOh74gV6vb69MbC+KN/y\\nP20wmlYA3Bf/CdMshynAThnIZnw3c2AKtg+h02oLv8TPJ2JJHmIjU+BiVFZLnNmb\\n0KWFKZF4Qeng3qK0xDAJrFkmeVWSwvwNUQri/WTICDY0i+WswOTJLTwBAoGAHIKt\\n58cWGY+eSfCRSJdkcN9MLTm4m2f/DNkAcuEheFxGyAtBaT6PTYaKOLeQ+1PqH+IM\\nc+ShvqHvqSCB4h9+cy2pcThO5rtGixw0Sba/V8DxH4eB/TSdZkxjnVDIIsXp7zTJ\\nVUkKwvUz5YvNFveYNibm/wEnUyktcpWyThDoRukCgYEAp+QuJSuRHqLZVJlGVR5S\\nlBqpdUaQnSMP1E+Nc+bvaj6CII1dAWvgiwBlfYExGsczXOezdU/5cLgBB2s7c7vy\\nZCHNJ4psmK0HTJnyMi1x1KAFpXsBcKqpIRc2wsGuLRzegvXA58uODBQChhRTF2q5\\n6W6HHu/LDEQdWol3+vZOQWA=\\n-----END PRIVATE KEY-----\\n\",\n  \"client_email\": \"badie-testing@vof-testbed-2.iam.gserviceaccount.com\",\n  \"client_id\": \"111016741661892751162\",\n  \"auth_uri\": \"https://accounts.google.com/o/oauth2/auth\",\n  \"token_uri\": \"https://accounts.google.com/o/oauth2/token\",\n  \"auth_provider_x509_cert_url\": \"https://www.googleapis.com/oauth2/v1/certs\",\n  \"client_x509_cert_url\": \"https://www.googleapis.com/robot/v1/metadata/x509/badie-testing%40vof-testbed-2.iam.gserviceaccount.com\"\n}\n",
                            "config.path": "/staging-state/terraform.tfstate",
                            "config.project": "vof-testbed-2",
                            "environment": "default",
                            "id": "2017-10-10 08:46:22.836787181 +0000 UTC",
                            "network_name": "flevia-vof-network",
                            "private_subnetwork_name": "flevia-vof-private-subnetwork",
                            "vof-db-password": "8d6776b4bd8e67395e3f8fe892c1d3be",
                            "vof-db-username": "dc3161dba68de6bfb3f40be34e2ca396"
                        },
                        "meta": {},
                        "tainted": false
                    },
                    "deposed": [],
                    "provider": ""
                },
                "google_compute_autoscaler.vof-app-autoscaler": {
                    "type": "google_compute_autoscaler",
                    "depends_on": [
                        "google_compute_instance_group_manager.vof-app-server-group-manager"
                    ],
                    "primary": {
                        "id": "flevia-vof-app-autoscaler",
                        "attributes": {
                            "autoscaling_policy.#": "1",
                            "autoscaling_policy.0.cooldown_period": "60",
                            "autoscaling_policy.0.cpu_utilization.#": "1",
                            "autoscaling_policy.0.cpu_utilization.0.target": "0.7",
                            "autoscaling_policy.0.load_balancing_utilization.#": "0",
                            "autoscaling_policy.0.max_replicas": "2",
                            "autoscaling_policy.0.metric.#": "0",
                            "autoscaling_policy.0.min_replicas": "1",
                            "description": "",
                            "id": "flevia-vof-app-autoscaler",
                            "name": "flevia-vof-app-autoscaler",
                            "self_link": "https://www.googleapis.com/compute/v1/projects/vof-testbed-2/zones/europe-west1-b/autoscalers/flevia-vof-app-autoscaler",
                            "target": "https://www.googleapis.com/compute/v1/projects/vof-testbed-2/zones/europe-west1-b/instanceGroupManagers/flevia-vof-app-server-group-manager",
                            "zone": "europe-west1-b"
                        },
                        "meta": {},
                        "tainted": false
                    },
                    "deposed": [],
                    "provider": ""
                },
                "google_compute_backend_service.website": {
                    "type": "google_compute_backend_service",
                    "depends_on": [
                        "google_compute_https_health_check.vof-app-healthcheck",
                        "google_compute_instance_group_manager.vof-app-server-group-manager"
                    ],
                    "primary": {
                        "id": "flevia-vof-lb",
                        "attributes": {
                            "backend.#": "1",
                            "backend.3404160132.balancing_mode": "UTILIZATION",
                            "backend.3404160132.capacity_scaler": "1",
                            "backend.3404160132.description": "",
                            "backend.3404160132.group": "https://www.googleapis.com/compute/v1/projects/vof-testbed-2/zones/europe-west1-b/instanceGroups/flevia-vof-app-server-group-manager",
                            "backend.3404160132.max_rate": "0",
                            "backend.3404160132.max_rate_per_instance": "0",
                            "backend.3404160132.max_utilization": "0.8",
                            "connection_draining_timeout_sec": "300",
                            "description": "the Vof load balancer",
                            "enable_cdn": "false",
                            "fingerprint": "Jkmrk4OFLxk=",
                            "health_checks.#": "1",
                            "health_checks.450817080": "https://www.googleapis.com/compute/v1/projects/vof-testbed-2/global/httpsHealthChecks/flevia-vof-app-healthcheck",
                            "id": "flevia-vof-lb",
                            "name": "flevia-vof-lb",
                            "port_name": "https",
                            "protocol": "HTTPS",
                            "self_link": "https://www.googleapis.com/compute/v1/projects/vof-testbed-2/global/backendServices/flevia-vof-lb",
                            "session_affinity": "NONE",
                            "timeout_sec": "30"
                        },
                        "meta": {},
                        "tainted": false
                    },
                    "deposed": [],
                    "provider": ""
                },
                "google_compute_firewall.vof-internal-firewall": {
                    "type": "google_compute_firewall",
                    "depends_on": [
                        "google_compute_network.vof-network"
                    ],
                    "primary": {
                        "id": "flevia-vof-internal-network",
                        "attributes": {
                            "allow.#": "3",
                            "allow.1367131964.ports.#": "0",
                            "allow.1367131964.protocol": "icmp",
                            "allow.2250996047.ports.#": "1",
                            "allow.2250996047.ports.0": "0-65535",
                            "allow.2250996047.protocol": "tcp",
                            "allow.884285603.ports.#": "1",
                            "allow.884285603.ports.0": "0-65535",
                            "allow.884285603.protocol": "udp",
                            "deny.#": "0",
                            "description": "",
                            "destination_ranges.#": "0",
                            "id": "flevia-vof-internal-network",
                            "name": "flevia-vof-internal-network",
                            "network": "https://www.googleapis.com/compute/v1/projects/vof-testbed-2/global/networks/flevia-vof-network",
                            "priority": "1000",
                            "project": "vof-testbed-2",
                            "self_link": "https://www.googleapis.com/compute/v1/projects/vof-testbed-2/global/firewalls/flevia-vof-internal-network",
                            "source_ranges.#": "1",
                            "source_ranges.3482919157": "10.0.0.0/24",
                            "source_tags.#": "0",
                            "target_tags.#": "0"
                        },
                        "meta": {
                            "schema_version": "1"
                        },
                        "tainted": false
                    },
                    "deposed": [],
                    "provider": ""
                },
                "google_compute_firewall.vof-public-firewall": {
                    "type": "google_compute_firewall",
                    "depends_on": [
                        "google_compute_network.vof-network"
                    ],
                    "primary": {
                        "id": "flevia-vof-public-firewall",
                        "attributes": {
                            "allow.#": "1",
                            "allow.1250112605.ports.#": "2",
                            "allow.1250112605.ports.0": "80",
                            "allow.1250112605.ports.1": "443",
                            "allow.1250112605.protocol": "tcp",
                            "deny.#": "0",
                            "description": "",
                            "destination_ranges.#": "0",
                            "id": "flevia-vof-public-firewall",
                            "name": "flevia-vof-public-firewall",
                            "network": "https://www.googleapis.com/compute/v1/projects/vof-testbed-2/global/networks/flevia-vof-network",
                            "priority": "1000",
                            "project": "vof-testbed-2",
                            "self_link": "https://www.googleapis.com/compute/v1/projects/vof-testbed-2/global/firewalls/flevia-vof-public-firewall",
                            "source_ranges.#": "1",
                            "source_ranges.1080289494": "0.0.0.0/0",
                            "source_tags.#": "0",
                            "target_tags.#": "1",
                            "target_tags.2519741784": "flevia-vof-lb"
                        },
                        "meta": {
                            "schema_version": "1"
                        },
                        "tainted": false
                    },
                    "deposed": [],
                    "provider": ""
                },
                "google_compute_https_health_check.vof-app-healthcheck": {
                    "type": "google_compute_https_health_check",
                    "depends_on": [],
                    "primary": {
                        "id": "flevia-vof-app-healthcheck",
                        "attributes": {
                            "check_interval_sec": "2",
                            "description": "",
                            "healthy_threshold": "2",
                            "host": "",
                            "id": "flevia-vof-app-healthcheck",
                            "name": "flevia-vof-app-healthcheck",
                            "port": "8080",
                            "request_path": "/",
                            "self_link": "https://www.googleapis.com/compute/v1/projects/vof-testbed-2/global/httpsHealthChecks/flevia-vof-app-healthcheck",
                            "timeout_sec": "1",
                            "unhealthy_threshold": "2"
                        },
                        "meta": {},
                        "tainted": false
                    },
                    "deposed": [],
                    "provider": ""
                },
                "google_compute_instance_group_manager.vof-app-server-group-manager": {
                    "type": "google_compute_instance_group_manager",
                    "depends_on": [
                        "google_compute_instance_template.vof-app-server-template"
                    ],
                    "primary": {
                        "id": "flevia-vof-app-server-group-manager",
                        "attributes": {
                            "auto_healing_policies.#": "0",
                            "base_instance_name": "flevia-vof-app-instance",
                            "description": "",
                            "fingerprint": "r4GHJgw1tXY=",
                            "id": "flevia-vof-app-server-group-manager",
                            "instance_group": "https://www.googleapis.com/compute/v1/projects/vof-testbed-2/zones/europe-west1-b/instanceGroups/flevia-vof-app-server-group-manager",
                            "instance_template": "https://www.googleapis.com/compute/v1/projects/vof-testbed-2/global/instanceTemplates/flevia-vof-app-server-template",
                            "name": "flevia-vof-app-server-group-manager",
                            "named_port.#": "0",
                            "project": "vof-testbed-2",
                            "self_link": "https://www.googleapis.com/compute/v1/projects/vof-testbed-2/zones/europe-west1-b/instanceGroupManagers/flevia-vof-app-server-group-manager",
                            "target_pools.#": "0",
                            "target_size": "1",
                            "update_strategy": "NONE",
                            "zone": "europe-west1-b"
                        },
                        "meta": {},
                        "tainted": false
                    },
                    "deposed": [],
                    "provider": ""
                },
                "google_compute_instance_template.vof-app-server-template": {
                    "type": "google_compute_instance_template",
                    "depends_on": [],
                    "primary": {
                        "id": "flevia-vof-app-server-template",
                        "attributes": {
                            "can_ip_forward": "false",
                            "description": "Base template to create VOF instances",
                            "disk.#": "1",
                            "disk.0.auto_delete": "true",
                            "disk.0.boot": "true",
                            "disk.0.device_name": "",
                            "disk.0.disk_name": "",
                            "disk.0.disk_size_gb": "10",
                            "disk.0.disk_type": "pd-ssd",
                            "disk.0.interface": "SCSI",
                            "disk.0.mode": "READ_WRITE",
                            "disk.0.source": "",
                            "disk.0.source_image": "flevian-vof-image-ruby-1507622001",
                            "disk.0.type": "PERSISTENT",
                            "id": "flevia-vof-app-server-template",
                            "instance_description": "Instance created from base template",
                            "machine_type": "n1-standard-1",
                            "metadata.%": "0",
                            "metadata_fingerprint": "BSBkEUJKU7I=",
                            "name": "flevia-vof-app-server-template",
                            "network_interface.#": "1",
                            "network_interface.0.access_config.#": "0",
                            "network_interface.0.network": "flevia-vof-network",
                            "network_interface.0.network_ip": "",
                            "network_interface.0.subnetwork": "",
                            "network_interface.0.subnetwork_project": "",
                            "project": "vof-testbed-2",
                            "region": "europe-west1",
                            "scheduling.#": "1",
                            "scheduling.0.automatic_restart": "true",
                            "scheduling.0.on_host_maintenance": "MIGRATE",
                            "scheduling.0.preemptible": "false",
                            "self_link": "https://www.googleapis.com/compute/v1/projects/vof-testbed-2/global/instanceTemplates/flevia-vof-app-server-template"
                        },
                        "meta": {
                            "schema_version": "1"
                        },
                        "tainted": false
                    },
                    "deposed": [],
                    "provider": ""
                },
                "google_compute_network.vof-network": {
                    "type": "google_compute_network",
                    "depends_on": [],
                    "primary": {
                        "id": "flevia-vof-network",
                        "attributes": {
                            "auto_create_subnetworks": "true",
                            "gateway_ipv4": "",
                            "id": "flevia-vof-network",
                            "name": "flevia-vof-network",
                            "self_link": "https://www.googleapis.com/compute/v1/projects/vof-testbed-2/global/networks/flevia-vof-network"
                        },
                        "meta": {},
                        "tainted": false
                    },
                    "deposed": [],
                    "provider": ""
                },
                "google_compute_subnetwork.vof-private-subnetwork": {
                    "type": "google_compute_subnetwork",
                    "depends_on": [
                        "google_compute_network.vof-network"
                    ],
                    "primary": {
                        "id": "europe-west1/flevia-vof-private-subnetwork",
                        "attributes": {
                            "description": "",
                            "gateway_address": "10.0.0.1",
                            "id": "europe-west1/flevia-vof-private-subnetwork",
                            "ip_cidr_range": "10.0.0.0/24",
                            "name": "flevia-vof-private-subnetwork",
                            "network": "https://www.googleapis.com/compute/v1/projects/vof-testbed-2/global/networks/flevia-vof-network",
                            "private_ip_google_access": "false",
                            "region": "europe-west1",
                            "secondary_ip_range.#": "0",
                            "self_link": "https://www.googleapis.com/compute/v1/projects/vof-testbed-2/regions/europe-west1/subnetworks/flevia-vof-private-subnetwork"
                        },
                        "meta": {},
                        "tainted": false
                    },
                    "deposed": [],
                    "provider": ""
                },
                "random_id.db-password": {
                    "type": "random_id",
                    "depends_on": [],
                    "primary": {
                        "id": "jWd2tL2OZzleP4_oksHTvg",
                        "attributes": {
                            "b64": "jWd2tL2OZzleP4_oksHTvg",
                            "b64_std": "jWd2tL2OZzleP4/oksHTvg==",
                            "b64_url": "jWd2tL2OZzleP4_oksHTvg",
                            "byte_length": "16",
                            "dec": "187958361626169530574489177333849772990",
                            "hex": "8d6776b4bd8e67395e3f8fe892c1d3be",
                            "id": "jWd2tL2OZzleP4_oksHTvg"
                        },
                        "meta": {},
                        "tainted": false
                    },
                    "deposed": [],
                    "provider": ""
                },
                "random_id.db-username": {
                    "type": "random_id",
                    "depends_on": [],
                    "primary": {
                        "id": "3DFh26aN5r-z9AvjTiyjlg",
                        "attributes": {
                            "b64": "3DFh26aN5r-z9AvjTiyjlg",
                            "b64_std": "3DFh26aN5r+z9AvjTiyjlg==",
                            "b64_url": "3DFh26aN5r-z9AvjTiyjlg",
                            "byte_length": "16",
                            "dec": "292686566414994903280051727968181724054",
                            "hex": "dc3161dba68de6bfb3f40be34e2ca396",
                            "id": "3DFh26aN5r-z9AvjTiyjlg"
                        },
                        "meta": {},
                        "tainted": false
                    },
                    "deposed": [],
                    "provider": ""
                }
            },
            "depends_on": []
        }
    ]
}
